{
  "name": "folouit",
  "version": "1.0.0",
  "lockfileVersion": 1,
  "requires": true,
  "dependencies": {
    "@faker-js/faker": {
      "version": "6.3.1",
      "resolved": "https://registry.npmjs.org/@faker-js/faker/-/faker-6.3.1.tgz",
      "integrity": "sha512-8YXBE2ZcU/pImVOHX7MWrSR/X5up7t6rPWZlk34RwZEcdr3ua6X+32pSd6XuOQRN+vbuvYNfA6iey8NbrjuMFQ==",
      "dev": true
    },
    "moment": {
      "version": "2.29.3",
      "resolved": "https://registry.npmjs.org/moment/-/moment-2.29.3.tgz",
      "integrity": "sha512-c6YRvhEo//6T2Jz/vVtYzqBzwvPT95JBQ+smCytzf7c50oMZRsR/a4w88aD34I+/QVSfnoAnSBFPJHItlOMJVw==",
      "dev": true
    }
  }
}
